
Microsoft Visual Studio Solution File, Format Version 12.00
# Visual Studio Version 16
VisualStudioVersion = 16.0.30114.105
MinimumVisualStudioVersion = 10.0.40219.1
Project("{2150E333-8FDC-42A3-9474-1A3956D46DE8}") = "src", "src", "{FE76611D-D9F2-4549-84FF-1E2AF3AA6373}"
EndProject
Project("{FAE04EC0-301F-11D3-BF4B-00C04F79EFBC}") = "DCA.Model", "src\Model\DCA.Model.csproj", "{685E58BF-0E9B-49B6-BFBA-5E91DE06E414}"
EndProject
Project("{FAE04EC0-301F-11D3-BF4B-00C04F79EFBC}") = "DCA.Exchanges", "src\Exchanges\DCA.Exchanges.csproj", "{E0D2AECD-06E9-40D3-8DE3-D889D1013D73}"
EndProject
Project("{FAE04EC0-301F-11D3-BF4B-00C04F79EFBC}") = "DCA.Cli", "src\Cli\DCA.Cli.csproj", "{055AD17A-BF27-4F5E-9FE8-6B5F1B63A9A3}"
EndProject
Project("{2150E333-8FDC-42A3-9474-1A3956D46DE8}") = "tests", "tests", "{E0B6F169-25DD-404A-AE8A-89C063FA92AB}"
EndProject
Project("{FAE04EC0-301F-11D3-BF4B-00C04F79EFBC}") = "DCA.Model.Tests", "tests\Lib.Tests\DCA.Model.Tests.csproj", "{C3F272F9-35E9-46AA-997F-57592C0AA515}"
EndProject
Global
	GlobalSection(SolutionConfigurationPlatforms) = preSolution
		Debug|Any CPU = Debug|Any CPU
		Release|Any CPU = Release|Any CPU
	EndGlobalSection
	GlobalSection(SolutionProperties) = preSolution
		HideSolutionNode = FALSE
	EndGlobalSection
	GlobalSection(ProjectConfigurationPlatforms) = postSolution
		{685E58BF-0E9B-49B6-BFBA-5E91DE06E414}.Debug|Any CPU.ActiveCfg = Debug|Any CPU
		{685E58BF-0E9B-49B6-BFBA-5E91DE06E414}.Debug|Any CPU.Build.0 = Debug|Any CPU
		{685E58BF-0E9B-49B6-BFBA-5E91DE06E414}.Release|Any CPU.ActiveCfg = Release|Any CPU
		{685E58BF-0E9B-49B6-BFBA-5E91DE06E414}.Release|Any CPU.Build.0 = Release|Any CPU
		{E0D2AECD-06E9-40D3-8DE3-D889D1013D73}.Debug|Any CPU.ActiveCfg = Debug|Any CPU
		{E0D2AECD-06E9-40D3-8DE3-D889D1013D73}.Debug|Any CPU.Build.0 = Debug|Any CPU
		{E0D2AECD-06E9-40D3-8DE3-D889D1013D73}.Release|Any CPU.ActiveCfg = Release|Any CPU
		{E0D2AECD-06E9-40D3-8DE3-D889D1013D73}.Release|Any CPU.Build.0 = Release|Any CPU
		{055AD17A-BF27-4F5E-9FE8-6B5F1B63A9A3}.Debug|Any CPU.ActiveCfg = Debug|Any CPU
		{055AD17A-BF27-4F5E-9FE8-6B5F1B63A9A3}.Debug|Any CPU.Build.0 = Debug|Any CPU
		{055AD17A-BF27-4F5E-9FE8-6B5F1B63A9A3}.Release|Any CPU.ActiveCfg = Release|Any CPU
		{055AD17A-BF27-4F5E-9FE8-6B5F1B63A9A3}.Release|Any CPU.Build.0 = Release|Any CPU
		{C3F272F9-35E9-46AA-997F-57592C0AA515}.Debug|Any CPU.ActiveCfg = Debug|Any CPU
		{C3F272F9-35E9-46AA-997F-57592C0AA515}.Debug|Any CPU.Build.0 = Debug|Any CPU
		{C3F272F9-35E9-46AA-997F-57592C0AA515}.Release|Any CPU.ActiveCfg = Release|Any CPU
		{C3F272F9-35E9-46AA-997F-57592C0AA515}.Release|Any CPU.Build.0 = Release|Any CPU
	EndGlobalSection
	GlobalSection(NestedProjects) = preSolution
		{685E58BF-0E9B-49B6-BFBA-5E91DE06E414} = {FE76611D-D9F2-4549-84FF-1E2AF3AA6373}
		{E0D2AECD-06E9-40D3-8DE3-D889D1013D73} = {FE76611D-D9F2-4549-84FF-1E2AF3AA6373}
		{055AD17A-BF27-4F5E-9FE8-6B5F1B63A9A3} = {FE76611D-D9F2-4549-84FF-1E2AF3AA6373}
		{C3F272F9-35E9-46AA-997F-57592C0AA515} = {E0B6F169-25DD-404A-AE8A-89C063FA92AB}
	EndGlobalSection
EndGlobal
